
Microsoft Visual Studio Solution File, Format Version 12.00
# Visual Studio Version 16
VisualStudioVersion = 16.0.30011.22
MinimumVisualStudioVersion = 10.0.40219.1
Project("{9A19103F-16F7-4668-BE54-9A1E7A4F7556}") = "ViewModelLocator", "ViewModelLocator\ViewModelLocator.csproj", "{9A4A4670-511F-4B0A-A66D-FEC8BF0B273B}"
EndProject
Project("{9A19103F-16F7-4668-BE54-9A1E7A4F7556}") = "ViewModelLocator.ChangeConvention", "ViewModelLocator.ChangeConvention\ViewModelLocator.ChangeConvention.csproj", "{461ECA1B-EA6B-4F3A-A898-0FADF302F089}"
EndProject
Project("{9A19103F-16F7-4668-BE54-9A1E7A4F7556}") = "ViewModelLocator.CustomRegistrations", "ViewModelLocator.CustomRegistrations\ViewModelLocator.CustomRegistrations.csproj", "{1973D73F-5348-42EB-8D04-ACFADD84863E}"
EndProject
Global
	GlobalSection(SolutionConfigurationPlatforms) = preSolution
		Debug|Any CPU = Debug|Any CPU
		Release|Any CPU = Release|Any CPU
	EndGlobalSection
	GlobalSection(ProjectConfigurationPlatforms) = postSolution
		{9A4A4670-511F-4B0A-A66D-FEC8BF0B273B}.Debug|Any CPU.ActiveCfg = Debug|Any CPU
		{9A4A4670-511F-4B0A-A66D-FEC8BF0B273B}.Debug|Any CPU.Build.0 = Debug|Any CPU
		{9A4A4670-511F-4B0A-A66D-FEC8BF0B273B}.Release|Any CPU.ActiveCfg = Release|Any CPU
		{9A4A4670-511F-4B0A-A66D-FEC8BF0B273B}.Release|Any CPU.Build.0 = Release|Any CPU
		{461ECA1B-EA6B-4F3A-A898-0FADF302F089}.Debug|Any CPU.ActiveCfg = Debug|Any CPU
		{461ECA1B-EA6B-4F3A-A898-0FADF302F089}.Debug|Any CPU.Build.0 = Debug|Any CPU
		{461ECA1B-EA6B-4F3A-A898-0FADF302F089}.Release|Any CPU.ActiveCfg = Release|Any CPU
		{461ECA1B-EA6B-4F3A-A898-0FADF302F089}.Release|Any CPU.Build.0 = Release|Any CPU
		{1973D73F-5348-42EB-8D04-ACFADD84863E}.Debug|Any CPU.ActiveCfg = Debug|Any CPU
		{1973D73F-5348-42EB-8D04-ACFADD84863E}.Debug|Any CPU.Build.0 = Debug|Any CPU
		{1973D73F-5348-42EB-8D04-ACFADD84863E}.Release|Any CPU.ActiveCfg = Release|Any CPU
		{1973D73F-5348-42EB-8D04-ACFADD84863E}.Release|Any CPU.Build.0 = Release|Any CPU
	EndGlobalSection
	GlobalSection(SolutionProperties) = preSolution
		HideSolutionNode = FALSE
	EndGlobalSection
	GlobalSection(ExtensibilityGlobals) = postSolution
		SolutionGuid = {BB4EE37D-DC65-4631-88A8-BE7A05F9DB3E}
	EndGlobalSection
EndGlobal
