
Microsoft Visual Studio Solution File, Format Version 12.00
# Visual Studio Version 16
VisualStudioVersion = 16.0.30011.22
MinimumVisualStudioVersion = 10.0.40219.1
Project("{FAE04EC0-301F-11D3-BF4B-00C04F79EFBC}") = "RegionContext", "RegionContext.csproj", "{0D037A5E-4EE1-44EE-B453-5BBBF179CEB7}"
EndProject
Project("{FAE04EC0-301F-11D3-BF4B-00C04F79EFBC}") = "ModuleA", "..\ModuleA\ModuleA.csproj", "{10754159-1E0C-4842-9159-8912D39BC7D4}"
EndProject
Global
	GlobalSection(SolutionConfigurationPlatforms) = preSolution
		Debug|Any CPU = Debug|Any CPU
		Release|Any CPU = Release|Any CPU
	EndGlobalSection
	GlobalSection(ProjectConfigurationPlatforms) = postSolution
		{0D037A5E-4EE1-44EE-B453-5BBBF179CEB7}.Debug|Any CPU.ActiveCfg = Debug|Any CPU
		{0D037A5E-4EE1-44EE-B453-5BBBF179CEB7}.Debug|Any CPU.Build.0 = Debug|Any CPU
		{0D037A5E-4EE1-44EE-B453-5BBBF179CEB7}.Release|Any CPU.ActiveCfg = Release|Any CPU
		{0D037A5E-4EE1-44EE-B453-5BBBF179CEB7}.Release|Any CPU.Build.0 = Release|Any CPU
		{10754159-1E0C-4842-9159-8912D39BC7D4}.Debug|Any CPU.ActiveCfg = Debug|Any CPU
		{10754159-1E0C-4842-9159-8912D39BC7D4}.Debug|Any CPU.Build.0 = Debug|Any CPU
		{10754159-1E0C-4842-9159-8912D39BC7D4}.Release|Any CPU.ActiveCfg = Release|Any CPU
		{10754159-1E0C-4842-9159-8912D39BC7D4}.Release|Any CPU.Build.0 = Release|Any CPU
	EndGlobalSection
	GlobalSection(SolutionProperties) = preSolution
		HideSolutionNode = FALSE
	EndGlobalSection
	GlobalSection(ExtensibilityGlobals) = postSolution
		SolutionGuid = {C289F14B-1F54-4B1F-867E-FA98FA021D62}
	EndGlobalSection
EndGlobal
