
Microsoft Visual Studio Solution File, Format Version 12.00
# Visual Studio Version 16
VisualStudioVersion = 16.0.30011.22
MinimumVisualStudioVersion = 10.0.40219.1
Project("{9A19103F-16F7-4668-BE54-9A1E7A4F7556}") = "Commands.Core", "Commands.Core\Commands.Core.csproj", "{3C64F42F-E43A-4474-935C-39659465739E}"
EndProject
Project("{9A19103F-16F7-4668-BE54-9A1E7A4F7556}") = "ModuleB", "ModuleB\ModuleB.csproj", "{F2F87A67-40E9-46A7-8342-0794DB3B0650}"
EndProject
Project("{9A19103F-16F7-4668-BE54-9A1E7A4F7556}") = "IActiveAwareCommands", "IActiveAwareCommands\IActiveAwareCommands.csproj", "{5FA3456E-4E41-4E37-86D3-2C4B1E2EC101}"
EndProject
Project("{9A19103F-16F7-4668-BE54-9A1E7A4F7556}") = "UsingDelegateCommands", "UsingDelegateCommands\UsingDelegateCommands.csproj", "{2C521D15-7145-4F44-ACEC-E150D8E2E32E}"
EndProject
Project("{9A19103F-16F7-4668-BE54-9A1E7A4F7556}") = "UsingCompositeCommands", "UsingCompositeCommands\UsingCompositeCommands.csproj", "{EA2C46FF-FDEE-4FD1-B717-10B6E9C070F5}"
EndProject
Project("{9A19103F-16F7-4668-BE54-9A1E7A4F7556}") = "ModuleA", "ModuleA\ModuleA.csproj", "{7D8B86D8-C1C4-4ED2-BDBB-AB895900F8BC}"
EndProject
Global
	GlobalSection(SolutionConfigurationPlatforms) = preSolution
		Debug|Any CPU = Debug|Any CPU
		Release|Any CPU = Release|Any CPU
	EndGlobalSection
	GlobalSection(ProjectConfigurationPlatforms) = postSolution
		{3C64F42F-E43A-4474-935C-39659465739E}.Debug|Any CPU.ActiveCfg = Debug|Any CPU
		{3C64F42F-E43A-4474-935C-39659465739E}.Debug|Any CPU.Build.0 = Debug|Any CPU
		{3C64F42F-E43A-4474-935C-39659465739E}.Release|Any CPU.ActiveCfg = Release|Any CPU
		{3C64F42F-E43A-4474-935C-39659465739E}.Release|Any CPU.Build.0 = Release|Any CPU
		{F2F87A67-40E9-46A7-8342-0794DB3B0650}.Debug|Any CPU.ActiveCfg = Debug|Any CPU
		{F2F87A67-40E9-46A7-8342-0794DB3B0650}.Debug|Any CPU.Build.0 = Debug|Any CPU
		{F2F87A67-40E9-46A7-8342-0794DB3B0650}.Release|Any CPU.ActiveCfg = Release|Any CPU
		{F2F87A67-40E9-46A7-8342-0794DB3B0650}.Release|Any CPU.Build.0 = Release|Any CPU
		{5FA3456E-4E41-4E37-86D3-2C4B1E2EC101}.Debug|Any CPU.ActiveCfg = Debug|Any CPU
		{5FA3456E-4E41-4E37-86D3-2C4B1E2EC101}.Debug|Any CPU.Build.0 = Debug|Any CPU
		{5FA3456E-4E41-4E37-86D3-2C4B1E2EC101}.Release|Any CPU.ActiveCfg = Release|Any CPU
		{5FA3456E-4E41-4E37-86D3-2C4B1E2EC101}.Release|Any CPU.Build.0 = Release|Any CPU
		{2C521D15-7145-4F44-ACEC-E150D8E2E32E}.Debug|Any CPU.ActiveCfg = Debug|Any CPU
		{2C521D15-7145-4F44-ACEC-E150D8E2E32E}.Debug|Any CPU.Build.0 = Debug|Any CPU
		{2C521D15-7145-4F44-ACEC-E150D8E2E32E}.Release|Any CPU.ActiveCfg = Release|Any CPU
		{2C521D15-7145-4F44-ACEC-E150D8E2E32E}.Release|Any CPU.Build.0 = Release|Any CPU
		{EA2C46FF-FDEE-4FD1-B717-10B6E9C070F5}.Debug|Any CPU.ActiveCfg = Debug|Any CPU
		{EA2C46FF-FDEE-4FD1-B717-10B6E9C070F5}.Debug|Any CPU.Build.0 = Debug|Any CPU
		{EA2C46FF-FDEE-4FD1-B717-10B6E9C070F5}.Release|Any CPU.ActiveCfg = Release|Any CPU
		{EA2C46FF-FDEE-4FD1-B717-10B6E9C070F5}.Release|Any CPU.Build.0 = Release|Any CPU
		{7D8B86D8-C1C4-4ED2-BDBB-AB895900F8BC}.Debug|Any CPU.ActiveCfg = Debug|Any CPU
		{7D8B86D8-C1C4-4ED2-BDBB-AB895900F8BC}.Debug|Any CPU.Build.0 = Debug|Any CPU
		{7D8B86D8-C1C4-4ED2-BDBB-AB895900F8BC}.Release|Any CPU.ActiveCfg = Release|Any CPU
		{7D8B86D8-C1C4-4ED2-BDBB-AB895900F8BC}.Release|Any CPU.Build.0 = Release|Any CPU
	EndGlobalSection
	GlobalSection(SolutionProperties) = preSolution
		HideSolutionNode = FALSE
	EndGlobalSection
	GlobalSection(ExtensibilityGlobals) = postSolution
		SolutionGuid = {D14EF22C-5437-417E-B288-AE4217D158A7}
	EndGlobalSection
EndGlobal
