
Microsoft Visual Studio Solution File, Format Version 12.00
# Visual Studio Version 16
VisualStudioVersion = 16.0.30011.22
MinimumVisualStudioVersion = 10.0.40219.1
Project("{9A19103F-16F7-4668-BE54-9A1E7A4F7556}") = "Modules.AppConfig", "Modules.AppConfig\Modules.AppConfig.csproj", "{3AA91F1C-0769-4898-87E5-6BB1F4E1FBCA}"
EndProject
Project("{9A19103F-16F7-4668-BE54-9A1E7A4F7556}") = "ModuleA", "ModuleA\ModuleA.csproj", "{CBB0AC42-48C8-4878-9A10-C423BBA19E88}"
EndProject
Project("{9A19103F-16F7-4668-BE54-9A1E7A4F7556}") = "Modules.Code", "Modules.Code\Modules.Code.csproj", "{D0A26217-D321-487B-9BDC-3CEB90F63C1D}"
EndProject
Project("{9A19103F-16F7-4668-BE54-9A1E7A4F7556}") = "Modules.LoadManual", "Modules.LoadManual\Modules.LoadManual.csproj", "{A0807D4C-13FF-4B43-98A9-0E90131B80E4}"
EndProject
Global
	GlobalSection(SolutionConfigurationPlatforms) = preSolution
		Debug|Any CPU = Debug|Any CPU
		Release|Any CPU = Release|Any CPU
	EndGlobalSection
	GlobalSection(ProjectConfigurationPlatforms) = postSolution
		{3AA91F1C-0769-4898-87E5-6BB1F4E1FBCA}.Debug|Any CPU.ActiveCfg = Debug|Any CPU
		{3AA91F1C-0769-4898-87E5-6BB1F4E1FBCA}.Debug|Any CPU.Build.0 = Debug|Any CPU
		{3AA91F1C-0769-4898-87E5-6BB1F4E1FBCA}.Release|Any CPU.ActiveCfg = Release|Any CPU
		{3AA91F1C-0769-4898-87E5-6BB1F4E1FBCA}.Release|Any CPU.Build.0 = Release|Any CPU
		{CBB0AC42-48C8-4878-9A10-C423BBA19E88}.Debug|Any CPU.ActiveCfg = Debug|Any CPU
		{CBB0AC42-48C8-4878-9A10-C423BBA19E88}.Debug|Any CPU.Build.0 = Debug|Any CPU
		{CBB0AC42-48C8-4878-9A10-C423BBA19E88}.Release|Any CPU.ActiveCfg = Release|Any CPU
		{CBB0AC42-48C8-4878-9A10-C423BBA19E88}.Release|Any CPU.Build.0 = Release|Any CPU
		{D0A26217-D321-487B-9BDC-3CEB90F63C1D}.Debug|Any CPU.ActiveCfg = Debug|Any CPU
		{D0A26217-D321-487B-9BDC-3CEB90F63C1D}.Debug|Any CPU.Build.0 = Debug|Any CPU
		{D0A26217-D321-487B-9BDC-3CEB90F63C1D}.Release|Any CPU.ActiveCfg = Release|Any CPU
		{D0A26217-D321-487B-9BDC-3CEB90F63C1D}.Release|Any CPU.Build.0 = Release|Any CPU
		{A0807D4C-13FF-4B43-98A9-0E90131B80E4}.Debug|Any CPU.ActiveCfg = Debug|Any CPU
		{A0807D4C-13FF-4B43-98A9-0E90131B80E4}.Debug|Any CPU.Build.0 = Debug|Any CPU
		{A0807D4C-13FF-4B43-98A9-0E90131B80E4}.Release|Any CPU.ActiveCfg = Release|Any CPU
		{A0807D4C-13FF-4B43-98A9-0E90131B80E4}.Release|Any CPU.Build.0 = Release|Any CPU
	EndGlobalSection
	GlobalSection(SolutionProperties) = preSolution
		HideSolutionNode = FALSE
	EndGlobalSection
	GlobalSection(ExtensibilityGlobals) = postSolution
		SolutionGuid = {4A89A241-4080-4CB8-ADA5-716DD2BF94A1}
	EndGlobalSection
EndGlobal
